
Microsoft Visual Studio Solution File, Format Version 12.00
# Visual Studio Version 17
VisualStudioVersion = 17.6.33801.468
MinimumVisualStudioVersion = 10.0.40219.1
Project("{FAE04EC0-301F-11D3-BF4B-00C04F79EFBC}") = "pptx-comparer", "pptx-comparer.csproj", "{481B437C-512D-44CE-9E3F-CA045E2DA2DF}"
EndProject
Global
	GlobalSection(SolutionConfigurationPlatforms) = preSolution
		Debug|Any CPU = Debug|Any CPU
		Release|Any CPU = Release|Any CPU
	EndGlobalSection
	GlobalSection(ProjectConfigurationPlatforms) = postSolution
		{481B437C-512D-44CE-9E3F-CA045E2DA2DF}.Debug|Any CPU.ActiveCfg = Debug|Any CPU
		{481B437C-512D-44CE-9E3F-CA045E2DA2DF}.Debug|Any CPU.Build.0 = Debug|Any CPU
		{481B437C-512D-44CE-9E3F-CA045E2DA2DF}.Release|Any CPU.ActiveCfg = Release|Any CPU
		{481B437C-512D-44CE-9E3F-CA045E2DA2DF}.Release|Any CPU.Build.0 = Release|Any CPU
	EndGlobalSection
	GlobalSection(SolutionProperties) = preSolution
		HideSolutionNode = FALSE
	EndGlobalSection
	GlobalSection(ExtensibilityGlobals) = postSolution
		SolutionGuid = {31B206E7-3482-4BC0-85BA-2CA056B6FC2B}
	EndGlobalSection
EndGlobal
